
Microsoft Visual Studio Solution File, Format Version 12.00
# Visual Studio Version 17
VisualStudioVersion = 17.0.31903.59
MinimumVisualStudioVersion = 10.0.40219.1
Project("{2150E333-8FDC-42A3-9474-1A3956D46DE8}") = "src", "src", "{827E0CD3-B72D-47B6-A68D-7590B98EB39B}"
EndProject
Project("{FAE04EC0-301F-11D3-BF4B-00C04F79EFBC}") = "BracketWatch.API", "src\BracketWatch.API\BracketWatch.API.csproj", "{B06C0723-A58D-43FD-BA47-4E8665D38E3A}"
EndProject
Project("{FAE04EC0-301F-11D3-BF4B-00C04F79EFBC}") = "BracketWatch.Data", "src\BracketWatch.Data\BracketWatch.Data.csproj", "{44201998-7559-49C2-977D-1E509A9ECFDB}"
EndProject
Project("{FAE04EC0-301F-11D3-BF4B-00C04F79EFBC}") = "BracketWatch.Services", "src\BracketWatch.Services\BracketWatch.Services.csproj", "{6C65CC97-AB51-4F8D-A761-211966A8D2EB}"
EndProject
Project("{FAE04EC0-301F-11D3-BF4B-00C04F79EFBC}") = "BracketWatch.Domain", "src\BracketWatch.Domain\BracketWatch.Domain.csproj", "{8C491E61-5943-4B9D-9E39-F81DE9A08DF9}"
EndProject
Project("{FAE04EC0-301F-11D3-BF4B-00C04F79EFBC}") = "BracketWatch.Tests", "src\BracketWatch.Tests\BracketWatch.Tests.csproj", "{7792E273-6D4B-4D91-ADD6-DD228DFAA4D2}"
EndProject
Project("{FAE04EC0-301F-11D3-BF4B-00C04F79EFBC}") = "BracketWatch.Simulator", "src\BracketWatch.Simulator\BracketWatch.Simulator.csproj", "{FA316702-DE31-4499-B51D-673A3385020E}"
EndProject
Project("{54A90642-561A-4BB1-A94E-469ADEE60C69}") = "BracketWatch.Frontend", "src\BracketWatch.Frontend\BracketWatch.Frontend.esproj", "{8988CC3A-C9F6-032C-2B6C-10CF9AFF1F13}"
EndProject
Global
	GlobalSection(SolutionConfigurationPlatforms) = preSolution
		Debug|Any CPU = Debug|Any CPU
		Debug|x64 = Debug|x64
		Debug|x86 = Debug|x86
		Release|Any CPU = Release|Any CPU
		Release|x64 = Release|x64
		Release|x86 = Release|x86
	EndGlobalSection
	GlobalSection(ProjectConfigurationPlatforms) = postSolution
		{B06C0723-A58D-43FD-BA47-4E8665D38E3A}.Debug|Any CPU.ActiveCfg = Debug|Any CPU
		{B06C0723-A58D-43FD-BA47-4E8665D38E3A}.Debug|Any CPU.Build.0 = Debug|Any CPU
		{B06C0723-A58D-43FD-BA47-4E8665D38E3A}.Debug|x64.ActiveCfg = Debug|Any CPU
		{B06C0723-A58D-43FD-BA47-4E8665D38E3A}.Debug|x64.Build.0 = Debug|Any CPU
		{B06C0723-A58D-43FD-BA47-4E8665D38E3A}.Debug|x86.ActiveCfg = Debug|Any CPU
		{B06C0723-A58D-43FD-BA47-4E8665D38E3A}.Debug|x86.Build.0 = Debug|Any CPU
		{B06C0723-A58D-43FD-BA47-4E8665D38E3A}.Release|Any CPU.ActiveCfg = Release|Any CPU
		{B06C0723-A58D-43FD-BA47-4E8665D38E3A}.Release|Any CPU.Build.0 = Release|Any CPU
		{B06C0723-A58D-43FD-BA47-4E8665D38E3A}.Release|x64.ActiveCfg = Release|Any CPU
		{B06C0723-A58D-43FD-BA47-4E8665D38E3A}.Release|x64.Build.0 = Release|Any CPU
		{B06C0723-A58D-43FD-BA47-4E8665D38E3A}.Release|x86.ActiveCfg = Release|Any CPU
		{B06C0723-A58D-43FD-BA47-4E8665D38E3A}.Release|x86.Build.0 = Release|Any CPU
		{44201998-7559-49C2-977D-1E509A9ECFDB}.Debug|Any CPU.ActiveCfg = Debug|Any CPU
		{44201998-7559-49C2-977D-1E509A9ECFDB}.Debug|Any CPU.Build.0 = Debug|Any CPU
		{44201998-7559-49C2-977D-1E509A9ECFDB}.Debug|x64.ActiveCfg = Debug|Any CPU
		{44201998-7559-49C2-977D-1E509A9ECFDB}.Debug|x64.Build.0 = Debug|Any CPU
		{44201998-7559-49C2-977D-1E509A9ECFDB}.Debug|x86.ActiveCfg = Debug|Any CPU
		{44201998-7559-49C2-977D-1E509A9ECFDB}.Debug|x86.Build.0 = Debug|Any CPU
		{44201998-7559-49C2-977D-1E509A9ECFDB}.Release|Any CPU.ActiveCfg = Release|Any CPU
		{44201998-7559-49C2-977D-1E509A9ECFDB}.Release|Any CPU.Build.0 = Release|Any CPU
		{44201998-7559-49C2-977D-1E509A9ECFDB}.Release|x64.ActiveCfg = Release|Any CPU
		{44201998-7559-49C2-977D-1E509A9ECFDB}.Release|x64.Build.0 = Release|Any CPU
		{44201998-7559-49C2-977D-1E509A9ECFDB}.Release|x86.ActiveCfg = Release|Any CPU
		{44201998-7559-49C2-977D-1E509A9ECFDB}.Release|x86.Build.0 = Release|Any CPU
		{6C65CC97-AB51-4F8D-A761-211966A8D2EB}.Debug|Any CPU.ActiveCfg = Debug|Any CPU
		{6C65CC97-AB51-4F8D-A761-211966A8D2EB}.Debug|Any CPU.Build.0 = Debug|Any CPU
		{6C65CC97-AB51-4F8D-A761-211966A8D2EB}.Debug|x64.ActiveCfg = Debug|Any CPU
		{6C65CC97-AB51-4F8D-A761-211966A8D2EB}.Debug|x64.Build.0 = Debug|Any CPU
		{6C65CC97-AB51-4F8D-A761-211966A8D2EB}.Debug|x86.ActiveCfg = Debug|Any CPU
		{6C65CC97-AB51-4F8D-A761-211966A8D2EB}.Debug|x86.Build.0 = Debug|Any CPU
		{6C65CC97-AB51-4F8D-A761-211966A8D2EB}.Release|Any CPU.ActiveCfg = Release|Any CPU
		{6C65CC97-AB51-4F8D-A761-211966A8D2EB}.Release|Any CPU.Build.0 = Release|Any CPU
		{6C65CC97-AB51-4F8D-A761-211966A8D2EB}.Release|x64.ActiveCfg = Release|Any CPU
		{6C65CC97-AB51-4F8D-A761-211966A8D2EB}.Release|x64.Build.0 = Release|Any CPU
		{6C65CC97-AB51-4F8D-A761-211966A8D2EB}.Release|x86.ActiveCfg = Release|Any CPU
		{6C65CC97-AB51-4F8D-A761-211966A8D2EB}.Release|x86.Build.0 = Release|Any CPU
		{8C491E61-5943-4B9D-9E39-F81DE9A08DF9}.Debug|Any CPU.ActiveCfg = Debug|Any CPU
		{8C491E61-5943-4B9D-9E39-F81DE9A08DF9}.Debug|Any CPU.Build.0 = Debug|Any CPU
		{8C491E61-5943-4B9D-9E39-F81DE9A08DF9}.Debug|x64.ActiveCfg = Debug|Any CPU
		{8C491E61-5943-4B9D-9E39-F81DE9A08DF9}.Debug|x64.Build.0 = Debug|Any CPU
		{8C491E61-5943-4B9D-9E39-F81DE9A08DF9}.Debug|x86.ActiveCfg = Debug|Any CPU
		{8C491E61-5943-4B9D-9E39-F81DE9A08DF9}.Debug|x86.Build.0 = Debug|Any CPU
		{8C491E61-5943-4B9D-9E39-F81DE9A08DF9}.Release|Any CPU.ActiveCfg = Release|Any CPU
		{8C491E61-5943-4B9D-9E39-F81DE9A08DF9}.Release|Any CPU.Build.0 = Release|Any CPU
		{8C491E61-5943-4B9D-9E39-F81DE9A08DF9}.Release|x64.ActiveCfg = Release|Any CPU
		{8C491E61-5943-4B9D-9E39-F81DE9A08DF9}.Release|x64.Build.0 = Release|Any CPU
		{8C491E61-5943-4B9D-9E39-F81DE9A08DF9}.Release|x86.ActiveCfg = Release|Any CPU
		{8C491E61-5943-4B9D-9E39-F81DE9A08DF9}.Release|x86.Build.0 = Release|Any CPU
		{7792E273-6D4B-4D91-ADD6-DD228DFAA4D2}.Debug|Any CPU.ActiveCfg = Debug|Any CPU
		{7792E273-6D4B-4D91-ADD6-DD228DFAA4D2}.Debug|Any CPU.Build.0 = Debug|Any CPU
		{7792E273-6D4B-4D91-ADD6-DD228DFAA4D2}.Debug|x64.ActiveCfg = Debug|Any CPU
		{7792E273-6D4B-4D91-ADD6-DD228DFAA4D2}.Debug|x64.Build.0 = Debug|Any CPU
		{7792E273-6D4B-4D91-ADD6-DD228DFAA4D2}.Debug|x86.ActiveCfg = Debug|Any CPU
		{7792E273-6D4B-4D91-ADD6-DD228DFAA4D2}.Debug|x86.Build.0 = Debug|Any CPU
		{7792E273-6D4B-4D91-ADD6-DD228DFAA4D2}.Release|Any CPU.ActiveCfg = Release|Any CPU
		{7792E273-6D4B-4D91-ADD6-DD228DFAA4D2}.Release|Any CPU.Build.0 = Release|Any CPU
		{7792E273-6D4B-4D91-ADD6-DD228DFAA4D2}.Release|x64.ActiveCfg = Release|Any CPU
		{7792E273-6D4B-4D91-ADD6-DD228DFAA4D2}.Release|x64.Build.0 = Release|Any CPU
		{7792E273-6D4B-4D91-ADD6-DD228DFAA4D2}.Release|x86.ActiveCfg = Release|Any CPU
		{7792E273-6D4B-4D91-ADD6-DD228DFAA4D2}.Release|x86.Build.0 = Release|Any CPU
		{FA316702-DE31-4499-B51D-673A3385020E}.Debug|Any CPU.ActiveCfg = Debug|Any CPU
		{FA316702-DE31-4499-B51D-673A3385020E}.Debug|Any CPU.Build.0 = Debug|Any CPU
		{FA316702-DE31-4499-B51D-673A3385020E}.Debug|x64.ActiveCfg = Debug|Any CPU
		{FA316702-DE31-4499-B51D-673A3385020E}.Debug|x64.Build.0 = Debug|Any CPU
		{FA316702-DE31-4499-B51D-673A3385020E}.Debug|x86.ActiveCfg = Debug|Any CPU
		{FA316702-DE31-4499-B51D-673A3385020E}.Debug|x86.Build.0 = Debug|Any CPU
		{FA316702-DE31-4499-B51D-673A3385020E}.Release|Any CPU.ActiveCfg = Release|Any CPU
		{FA316702-DE31-4499-B51D-673A3385020E}.Release|Any CPU.Build.0 = Release|Any CPU
		{FA316702-DE31-4499-B51D-673A3385020E}.Release|x64.ActiveCfg = Release|Any CPU
		{FA316702-DE31-4499-B51D-673A3385020E}.Release|x64.Build.0 = Release|Any CPU
		{FA316702-DE31-4499-B51D-673A3385020E}.Release|x86.ActiveCfg = Release|Any CPU
		{FA316702-DE31-4499-B51D-673A3385020E}.Release|x86.Build.0 = Release|Any CPU
		{8988CC3A-C9F6-032C-2B6C-10CF9AFF1F13}.Debug|Any CPU.ActiveCfg = Debug|Any CPU
		{8988CC3A-C9F6-032C-2B6C-10CF9AFF1F13}.Debug|Any CPU.Build.0 = Debug|Any CPU
		{8988CC3A-C9F6-032C-2B6C-10CF9AFF1F13}.Debug|Any CPU.Deploy.0 = Debug|Any CPU
		{8988CC3A-C9F6-032C-2B6C-10CF9AFF1F13}.Debug|x64.ActiveCfg = Debug|Any CPU
		{8988CC3A-C9F6-032C-2B6C-10CF9AFF1F13}.Debug|x64.Build.0 = Debug|Any CPU
		{8988CC3A-C9F6-032C-2B6C-10CF9AFF1F13}.Debug|x64.Deploy.0 = Debug|Any CPU
		{8988CC3A-C9F6-032C-2B6C-10CF9AFF1F13}.Debug|x86.ActiveCfg = Debug|Any CPU
		{8988CC3A-C9F6-032C-2B6C-10CF9AFF1F13}.Debug|x86.Build.0 = Debug|Any CPU
		{8988CC3A-C9F6-032C-2B6C-10CF9AFF1F13}.Debug|x86.Deploy.0 = Debug|Any CPU
		{8988CC3A-C9F6-032C-2B6C-10CF9AFF1F13}.Release|Any CPU.ActiveCfg = Release|Any CPU
		{8988CC3A-C9F6-032C-2B6C-10CF9AFF1F13}.Release|Any CPU.Build.0 = Release|Any CPU
		{8988CC3A-C9F6-032C-2B6C-10CF9AFF1F13}.Release|Any CPU.Deploy.0 = Release|Any CPU
		{8988CC3A-C9F6-032C-2B6C-10CF9AFF1F13}.Release|x64.ActiveCfg = Release|Any CPU
		{8988CC3A-C9F6-032C-2B6C-10CF9AFF1F13}.Release|x64.Build.0 = Release|Any CPU
		{8988CC3A-C9F6-032C-2B6C-10CF9AFF1F13}.Release|x64.Deploy.0 = Release|Any CPU
		{8988CC3A-C9F6-032C-2B6C-10CF9AFF1F13}.Release|x86.ActiveCfg = Release|Any CPU
		{8988CC3A-C9F6-032C-2B6C-10CF9AFF1F13}.Release|x86.Build.0 = Release|Any CPU
		{8988CC3A-C9F6-032C-2B6C-10CF9AFF1F13}.Release|x86.Deploy.0 = Release|Any CPU
	EndGlobalSection
	GlobalSection(SolutionProperties) = preSolution
		HideSolutionNode = FALSE
	EndGlobalSection
	GlobalSection(NestedProjects) = preSolution
		{B06C0723-A58D-43FD-BA47-4E8665D38E3A} = {827E0CD3-B72D-47B6-A68D-7590B98EB39B}
		{44201998-7559-49C2-977D-1E509A9ECFDB} = {827E0CD3-B72D-47B6-A68D-7590B98EB39B}
		{6C65CC97-AB51-4F8D-A761-211966A8D2EB} = {827E0CD3-B72D-47B6-A68D-7590B98EB39B}
		{8C491E61-5943-4B9D-9E39-F81DE9A08DF9} = {827E0CD3-B72D-47B6-A68D-7590B98EB39B}
		{7792E273-6D4B-4D91-ADD6-DD228DFAA4D2} = {827E0CD3-B72D-47B6-A68D-7590B98EB39B}
		{FA316702-DE31-4499-B51D-673A3385020E} = {827E0CD3-B72D-47B6-A68D-7590B98EB39B}
		{8988CC3A-C9F6-032C-2B6C-10CF9AFF1F13} = {827E0CD3-B72D-47B6-A68D-7590B98EB39B}
	EndGlobalSection
	GlobalSection(ExtensibilityGlobals) = postSolution
		SolutionGuid = {5ACEB489-8FBF-4207-9F57-E5FA027BB645}
	EndGlobalSection
EndGlobal
